
Microsoft Visual Studio Solution File, Format Version 12.00
# Visual Studio 14
VisualStudioVersion = 14.0.25420.1
MinimumVisualStudioVersion = 10.0.40219.1
Project("{FAE04EC0-301F-11D3-BF4B-00C04F79EFBC}") = "CustomListProject", "CustomListProject\CustomListProject.csproj", "{C84B0C4A-0814-4F50-94FA-575EED5C6798}"
EndProject
Project("{FAE04EC0-301F-11D3-BF4B-00C04F79EFBC}") = "CustomListTests", "CustomListTests\CustomListTests.csproj", "{7550DAF6-37B5-4066-B27C-814EF040DFA3}"
EndProject
Project("{F088123C-0E9E-452A-89E6-6BA2F21D5CAC}") = "CustomListUML", "CustomListUML\CustomListUML.modelproj", "{E02D5611-5337-4170-9E09-6E043494529C}"
EndProject
Global
	GlobalSection(SolutionConfigurationPlatforms) = preSolution
		Debug|Any CPU = Debug|Any CPU
		Release|Any CPU = Release|Any CPU
	EndGlobalSection
	GlobalSection(ProjectConfigurationPlatforms) = postSolution
		{C84B0C4A-0814-4F50-94FA-575EED5C6798}.Debug|Any CPU.ActiveCfg = Debug|Any CPU
		{C84B0C4A-0814-4F50-94FA-575EED5C6798}.Debug|Any CPU.Build.0 = Debug|Any CPU
		{C84B0C4A-0814-4F50-94FA-575EED5C6798}.Release|Any CPU.ActiveCfg = Release|Any CPU
		{C84B0C4A-0814-4F50-94FA-575EED5C6798}.Release|Any CPU.Build.0 = Release|Any CPU
		{7550DAF6-37B5-4066-B27C-814EF040DFA3}.Debug|Any CPU.ActiveCfg = Debug|Any CPU
		{7550DAF6-37B5-4066-B27C-814EF040DFA3}.Debug|Any CPU.Build.0 = Debug|Any CPU
		{7550DAF6-37B5-4066-B27C-814EF040DFA3}.Release|Any CPU.ActiveCfg = Release|Any CPU
		{7550DAF6-37B5-4066-B27C-814EF040DFA3}.Release|Any CPU.Build.0 = Release|Any CPU
		{E02D5611-5337-4170-9E09-6E043494529C}.Debug|Any CPU.ActiveCfg = Debug|Any CPU
		{E02D5611-5337-4170-9E09-6E043494529C}.Debug|Any CPU.Build.0 = Debug|Any CPU
		{E02D5611-5337-4170-9E09-6E043494529C}.Release|Any CPU.ActiveCfg = Release|Any CPU
		{E02D5611-5337-4170-9E09-6E043494529C}.Release|Any CPU.Build.0 = Release|Any CPU
	EndGlobalSection
	GlobalSection(SolutionProperties) = preSolution
		HideSolutionNode = FALSE
	EndGlobalSection
EndGlobal
